
Microsoft Visual Studio Solution File, Format Version 12.00
# Visual Studio Version 16
VisualStudioVersion = 16.0.31729.503
MinimumVisualStudioVersion = 10.0.40219.1
Project("{9A19103F-16F7-4668-BE54-9A1E7A4F7556}") = "Nuki", "Nuki\Nuki.csproj", "{4CEC700F-B78B-41D5-A956-93056E8E0399}"
EndProject
Project("{FAE04EC0-301F-11D3-BF4B-00C04F79EFBC}") = "NukiTests", "NukiTests\NukiTests.csproj", "{8C4421E9-0B5F-475B-943A-5E2FEA77E72C}"
EndProject
Global
	GlobalSection(SolutionConfigurationPlatforms) = preSolution
		Debug|Any CPU = Debug|Any CPU
		Release|Any CPU = Release|Any CPU
	EndGlobalSection
	GlobalSection(ProjectConfigurationPlatforms) = postSolution
		{4CEC700F-B78B-41D5-A956-93056E8E0399}.Debug|Any CPU.ActiveCfg = Debug|Any CPU
		{4CEC700F-B78B-41D5-A956-93056E8E0399}.Debug|Any CPU.Build.0 = Debug|Any CPU
		{4CEC700F-B78B-41D5-A956-93056E8E0399}.Release|Any CPU.ActiveCfg = Release|Any CPU
		{4CEC700F-B78B-41D5-A956-93056E8E0399}.Release|Any CPU.Build.0 = Release|Any CPU
		{8C4421E9-0B5F-475B-943A-5E2FEA77E72C}.Debug|Any CPU.ActiveCfg = Debug|Any CPU
		{8C4421E9-0B5F-475B-943A-5E2FEA77E72C}.Debug|Any CPU.Build.0 = Debug|Any CPU
		{8C4421E9-0B5F-475B-943A-5E2FEA77E72C}.Release|Any CPU.ActiveCfg = Release|Any CPU
		{8C4421E9-0B5F-475B-943A-5E2FEA77E72C}.Release|Any CPU.Build.0 = Release|Any CPU
	EndGlobalSection
	GlobalSection(SolutionProperties) = preSolution
		HideSolutionNode = FALSE
	EndGlobalSection
	GlobalSection(ExtensibilityGlobals) = postSolution
		SolutionGuid = {07E8B22D-F8CF-4D51-9C5A-442203D2B9DD}
	EndGlobalSection
EndGlobal
